// !$*UTF8*$!
{
	archiveVersion = 1;
	classes = {
	};
	objectVersion = 46;
	objects = {

/* Begin PBXBuildFile section */
		6B6B0FD37FA07C86671A55C0 /* Pods_ResuMe.framework in Frameworks */ = {isa = PBXBuildFile; fileRef = 5122A1A26842E04CA48C21A6 /* Pods_ResuMe.framework */; };
		BC0900531F88E10D009155B5 /* CreateStudentViewController.swift in Sources */ = {isa = PBXBuildFile; fileRef = BC0900521F88E10D009155B5 /* CreateStudentViewController.swift */; };
		C6FABBFF1EFC8DBC233B5B3C /* Pods_ResuMeTests.framework in Frameworks */ = {isa = PBXBuildFile; fileRef = 0226352ADCF4349C21FF89F1 /* Pods_ResuMeTests.framework */; };
		CD0034431F8A07D600F73B55 /* QuartzCore.framework in Frameworks */ = {isa = PBXBuildFile; fileRef = CD0034421F8A07D500F73B55 /* QuartzCore.framework */; };
		CD0034451F8A07DF00F73B55 /* Security.framework in Frameworks */ = {isa = PBXBuildFile; fileRef = CD0034441F8A07DF00F73B55 /* Security.framework */; };
		CD840DC31F8935B200408825 /* QRViewController.swift in Sources */ = {isa = PBXBuildFile; fileRef = CD840DC21F8935B200408825 /* QRViewController.swift */; };
		CD840DC51F893EFC00408825 /* RecruiterViewController.swift in Sources */ = {isa = PBXBuildFile; fileRef = CD840DC41F893EFC00408825 /* RecruiterViewController.swift */; };
		CD86592F1F88B1A200CAE33C /* AppDelegate.swift in Sources */ = {isa = PBXBuildFile; fileRef = CD86592E1F88B1A200CAE33C /* AppDelegate.swift */; };
		CD8659311F88B1A200CAE33C /* ViewController.swift in Sources */ = {isa = PBXBuildFile; fileRef = CD8659301F88B1A200CAE33C /* ViewController.swift */; };
		CD8659341F88B1A200CAE33C /* Main.storyboard in Resources */ = {isa = PBXBuildFile; fileRef = CD8659321F88B1A200CAE33C /* Main.storyboard */; };
		CD8659361F88B1A200CAE33C /* Assets.xcassets in Resources */ = {isa = PBXBuildFile; fileRef = CD8659351F88B1A200CAE33C /* Assets.xcassets */; };
		CD8659391F88B1A200CAE33C /* LaunchScreen.storyboard in Resources */ = {isa = PBXBuildFile; fileRef = CD8659371F88B1A200CAE33C /* LaunchScreen.storyboard */; };
		CD8659441F88B1A200CAE33C /* ResuMeTests.swift in Sources */ = {isa = PBXBuildFile; fileRef = CD8659431F88B1A200CAE33C /* ResuMeTests.swift */; };
		CD86594F1F88B1A200CAE33C /* ResuMeUITests.swift in Sources */ = {isa = PBXBuildFile; fileRef = CD86594E1F88B1A200CAE33C /* ResuMeUITests.swift */; };
		CD9AFDF41F8A35BA00E4BFEA /* DBListingViewController.swift in Sources */ = {isa = PBXBuildFile; fileRef = CD9AFDF31F8A35BA00E4BFEA /* DBListingViewController.swift */; };
		CD9AFDF61F8A39F400E4BFEA /* FileViewerViewController.swift in Sources */ = {isa = PBXBuildFile; fileRef = CD9AFDF51F8A39F400E4BFEA /* FileViewerViewController.swift */; };
		CD9AFDFC1F8A477900E4BFEA /* StudentTableViewController.swift in Sources */ = {isa = PBXBuildFile; fileRef = CD9AFDF91F8A477900E4BFEA /* StudentTableViewController.swift */; };
		CD9AFDFD1F8A477900E4BFEA /* Student.swift in Sources */ = {isa = PBXBuildFile; fileRef = CD9AFDFA1F8A477900E4BFEA /* Student.swift */; };
		CD9AFDFE1F8A477900E4BFEA /* StudentTableViewCell.swift in Sources */ = {isa = PBXBuildFile; fileRef = CD9AFDFB1F8A477900E4BFEA /* StudentTableViewCell.swift */; };
		CDAA30D11F8947E900A9AF3C /* StudentViewController.swift in Sources */ = {isa = PBXBuildFile; fileRef = CDAA30D01F8947E900A9AF3C /* StudentViewController.swift */; };
		CDD63B4C1F89896C0014F850 /* GoogleService-Info.plist in Resources */ = {isa = PBXBuildFile; fileRef = CDB233861F896F4D00A041C3 /* GoogleService-Info.plist */; };
		E7536589EB33088D1AD6D3A3 /* Pods_ResuMeUITests.framework in Frameworks */ = {isa = PBXBuildFile; fileRef = 55C6968A3BD9C11B3795138B /* Pods_ResuMeUITests.framework */; };
/* End PBXBuildFile section */

/* Begin PBXContainerItemProxy section */
		CD8659401F88B1A200CAE33C /* PBXContainerItemProxy */ = {
			isa = PBXContainerItemProxy;
			containerPortal = CD8659231F88B1A200CAE33C /* Project object */;
			proxyType = 1;
			remoteGlobalIDString = CD86592A1F88B1A200CAE33C;
			remoteInfo = ResuMe;
		};
		CD86594B1F88B1A200CAE33C /* PBXContainerItemProxy */ = {
			isa = PBXContainerItemProxy;
			containerPortal = CD8659231F88B1A200CAE33C /* Project object */;
			proxyType = 1;
			remoteGlobalIDString = CD86592A1F88B1A200CAE33C;
			remoteInfo = ResuMe;
		};
/* End PBXContainerItemProxy section */

/* Begin PBXFileReference section */
		0226352ADCF4349C21FF89F1 /* Pods_ResuMeTests.framework */ = {isa = PBXFileReference; explicitFileType = wrapper.framework; includeInIndex = 0; path = Pods_ResuMeTests.framework; sourceTree = BUILT_PRODUCTS_DIR; };
		20D44944568223A655CE236D /* Pods-ResuMeTests.release.xcconfig */ = {isa = PBXFileReference; includeInIndex = 1; lastKnownFileType = text.xcconfig; name = "Pods-ResuMeTests.release.xcconfig"; path = "Pods/Target Support Files/Pods-ResuMeTests/Pods-ResuMeTests.release.xcconfig"; sourceTree = "<group>"; };
		5122A1A26842E04CA48C21A6 /* Pods_ResuMe.framework */ = {isa = PBXFileReference; explicitFileType = wrapper.framework; includeInIndex = 0; path = Pods_ResuMe.framework; sourceTree = BUILT_PRODUCTS_DIR; };
		55C6968A3BD9C11B3795138B /* Pods_ResuMeUITests.framework */ = {isa = PBXFileReference; explicitFileType = wrapper.framework; includeInIndex = 0; path = Pods_ResuMeUITests.framework; sourceTree = BUILT_PRODUCTS_DIR; };
		69ACE52B7827968495E016E8 /* Pods-ResuMeUITests.debug.xcconfig */ = {isa = PBXFileReference; includeInIndex = 1; lastKnownFileType = text.xcconfig; name = "Pods-ResuMeUITests.debug.xcconfig"; path = "Pods/Target Support Files/Pods-ResuMeUITests/Pods-ResuMeUITests.debug.xcconfig"; sourceTree = "<group>"; };
		7FBB2DAF7DAE6379A65A3751 /* Pods-ResuMeUITests.release.xcconfig */ = {isa = PBXFileReference; includeInIndex = 1; lastKnownFileType = text.xcconfig; name = "Pods-ResuMeUITests.release.xcconfig"; path = "Pods/Target Support Files/Pods-ResuMeUITests/Pods-ResuMeUITests.release.xcconfig"; sourceTree = "<group>"; };
		BC0900521F88E10D009155B5 /* CreateStudentViewController.swift */ = {isa = PBXFileReference; lastKnownFileType = sourcecode.swift; path = CreateStudentViewController.swift; sourceTree = "<group>"; };
		BC3DFED7F0B6503BBC87840E /* Pods-ResuMe.release.xcconfig */ = {isa = PBXFileReference; includeInIndex = 1; lastKnownFileType = text.xcconfig; name = "Pods-ResuMe.release.xcconfig"; path = "Pods/Target Support Files/Pods-ResuMe/Pods-ResuMe.release.xcconfig"; sourceTree = "<group>"; };
		BEAFE2C87B918E091C7C53EE /* Pods-ResuMe.debug.xcconfig */ = {isa = PBXFileReference; includeInIndex = 1; lastKnownFileType = text.xcconfig; name = "Pods-ResuMe.debug.xcconfig"; path = "Pods/Target Support Files/Pods-ResuMe/Pods-ResuMe.debug.xcconfig"; sourceTree = "<group>"; };
		CD0034411F89E41700F73B55 /* ResuMe.entitlements */ = {isa = PBXFileReference; lastKnownFileType = text.plist.entitlements; path = ResuMe.entitlements; sourceTree = "<group>"; };
		CD0034421F8A07D500F73B55 /* QuartzCore.framework */ = {isa = PBXFileReference; lastKnownFileType = wrapper.framework; name = QuartzCore.framework; path = System/Library/Frameworks/QuartzCore.framework; sourceTree = SDKROOT; };
		CD0034441F8A07DF00F73B55 /* Security.framework */ = {isa = PBXFileReference; lastKnownFileType = wrapper.framework; name = Security.framework; path = System/Library/Frameworks/Security.framework; sourceTree = SDKROOT; };
		CD840DC21F8935B200408825 /* QRViewController.swift */ = {isa = PBXFileReference; lastKnownFileType = sourcecode.swift; path = QRViewController.swift; sourceTree = "<group>"; };
		CD840DC41F893EFC00408825 /* RecruiterViewController.swift */ = {isa = PBXFileReference; lastKnownFileType = sourcecode.swift; path = RecruiterViewController.swift; sourceTree = "<group>"; };
		CD86592B1F88B1A200CAE33C /* ResuMe.app */ = {isa = PBXFileReference; explicitFileType = wrapper.application; includeInIndex = 0; path = ResuMe.app; sourceTree = BUILT_PRODUCTS_DIR; };
		CD86592E1F88B1A200CAE33C /* AppDelegate.swift */ = {isa = PBXFileReference; lastKnownFileType = sourcecode.swift; path = AppDelegate.swift; sourceTree = "<group>"; };
		CD8659301F88B1A200CAE33C /* ViewController.swift */ = {isa = PBXFileReference; lastKnownFileType = sourcecode.swift; path = ViewController.swift; sourceTree = "<group>"; };
		CD8659331F88B1A200CAE33C /* Base */ = {isa = PBXFileReference; lastKnownFileType = file.storyboard; name = Base; path = Base.lproj/Main.storyboard; sourceTree = "<group>"; };
		CD8659351F88B1A200CAE33C /* Assets.xcassets */ = {isa = PBXFileReference; lastKnownFileType = folder.assetcatalog; path = Assets.xcassets; sourceTree = "<group>"; };
		CD8659381F88B1A200CAE33C /* Base */ = {isa = PBXFileReference; lastKnownFileType = file.storyboard; name = Base; path = Base.lproj/LaunchScreen.storyboard; sourceTree = "<group>"; };
		CD86593A1F88B1A200CAE33C /* Info.plist */ = {isa = PBXFileReference; lastKnownFileType = text.plist.xml; path = Info.plist; sourceTree = "<group>"; };
		CD86593F1F88B1A200CAE33C /* ResuMeTests.xctest */ = {isa = PBXFileReference; explicitFileType = wrapper.cfbundle; includeInIndex = 0; path = ResuMeTests.xctest; sourceTree = BUILT_PRODUCTS_DIR; };
		CD8659431F88B1A200CAE33C /* ResuMeTests.swift */ = {isa = PBXFileReference; lastKnownFileType = sourcecode.swift; path = ResuMeTests.swift; sourceTree = "<group>"; };
		CD8659451F88B1A200CAE33C /* Info.plist */ = {isa = PBXFileReference; lastKnownFileType = text.plist.xml; path = Info.plist; sourceTree = "<group>"; };
		CD86594A1F88B1A200CAE33C /* ResuMeUITests.xctest */ = {isa = PBXFileReference; explicitFileType = wrapper.cfbundle; includeInIndex = 0; path = ResuMeUITests.xctest; sourceTree = BUILT_PRODUCTS_DIR; };
		CD86594E1F88B1A200CAE33C /* ResuMeUITests.swift */ = {isa = PBXFileReference; lastKnownFileType = sourcecode.swift; path = ResuMeUITests.swift; sourceTree = "<group>"; };
		CD8659501F88B1A200CAE33C /* Info.plist */ = {isa = PBXFileReference; lastKnownFileType = text.plist.xml; path = Info.plist; sourceTree = "<group>"; };
		CD9AFDF31F8A35BA00E4BFEA /* DBListingViewController.swift */ = {isa = PBXFileReference; lastKnownFileType = sourcecode.swift; path = DBListingViewController.swift; sourceTree = "<group>"; };
		CD9AFDF51F8A39F400E4BFEA /* FileViewerViewController.swift */ = {isa = PBXFileReference; lastKnownFileType = sourcecode.swift; path = FileViewerViewController.swift; sourceTree = "<group>"; };
		CD9AFDF91F8A477900E4BFEA /* StudentTableViewController.swift */ = {isa = PBXFileReference; lastKnownFileType = sourcecode.swift; path = StudentTableViewController.swift; sourceTree = "<group>"; };
		CD9AFDFA1F8A477900E4BFEA /* Student.swift */ = {isa = PBXFileReference; lastKnownFileType = sourcecode.swift; path = Student.swift; sourceTree = "<group>"; };
		CD9AFDFB1F8A477900E4BFEA /* StudentTableViewCell.swift */ = {isa = PBXFileReference; lastKnownFileType = sourcecode.swift; path = StudentTableViewCell.swift; sourceTree = "<group>"; };
		CDAA30D01F8947E900A9AF3C /* StudentViewController.swift */ = {isa = PBXFileReference; lastKnownFileType = sourcecode.swift; path = StudentViewController.swift; sourceTree = "<group>"; };
		CDB233861F896F4D00A041C3 /* GoogleService-Info.plist */ = {isa = PBXFileReference; lastKnownFileType = text.plist.xml; path = "GoogleService-Info.plist"; sourceTree = "<group>"; };
		CDB233871F89723300A041C3 /* ResuMe-Bridging-Header.h */ = {isa = PBXFileReference; lastKnownFileType = sourcecode.c.h; path = "ResuMe-Bridging-Header.h"; sourceTree = "<group>"; };
		DC7D08085E6E3AA1DDE35501 /* Pods-ResuMeTests.debug.xcconfig */ = {isa = PBXFileReference; includeInIndex = 1; lastKnownFileType = text.xcconfig; name = "Pods-ResuMeTests.debug.xcconfig"; path = "Pods/Target Support Files/Pods-ResuMeTests/Pods-ResuMeTests.debug.xcconfig"; sourceTree = "<group>"; };
/* End PBXFileReference section */

/* Begin PBXFrameworksBuildPhase section */
		CD8659281F88B1A200CAE33C /* Frameworks */ = {
			isa = PBXFrameworksBuildPhase;
			buildActionMask = 2147483647;
			files = (
				CD0034451F8A07DF00F73B55 /* Security.framework in Frameworks */,
				CD0034431F8A07D600F73B55 /* QuartzCore.framework in Frameworks */,
				6B6B0FD37FA07C86671A55C0 /* Pods_ResuMe.framework in Frameworks */,
			);
			runOnlyForDeploymentPostprocessing = 0;
		};
		CD86593C1F88B1A200CAE33C /* Frameworks */ = {
			isa = PBXFrameworksBuildPhase;
			buildActionMask = 2147483647;
			files = (
				C6FABBFF1EFC8DBC233B5B3C /* Pods_ResuMeTests.framework in Frameworks */,
			);
			runOnlyForDeploymentPostprocessing = 0;
		};
		CD8659471F88B1A200CAE33C /* Frameworks */ = {
			isa = PBXFrameworksBuildPhase;
			buildActionMask = 2147483647;
			files = (
				E7536589EB33088D1AD6D3A3 /* Pods_ResuMeUITests.framework in Frameworks */,
			);
			runOnlyForDeploymentPostprocessing = 0;
		};
/* End PBXFrameworksBuildPhase section */

/* Begin PBXGroup section */
		8B45B51CEA6A55F96AC0ADFF /* Pods */ = {
			isa = PBXGroup;
			children = (
				BEAFE2C87B918E091C7C53EE /* Pods-ResuMe.debug.xcconfig */,
				BC3DFED7F0B6503BBC87840E /* Pods-ResuMe.release.xcconfig */,
				DC7D08085E6E3AA1DDE35501 /* Pods-ResuMeTests.debug.xcconfig */,
				20D44944568223A655CE236D /* Pods-ResuMeTests.release.xcconfig */,
				69ACE52B7827968495E016E8 /* Pods-ResuMeUITests.debug.xcconfig */,
				7FBB2DAF7DAE6379A65A3751 /* Pods-ResuMeUITests.release.xcconfig */,
			);
			name = Pods;
			sourceTree = "<group>";
		};
		C5ACE8CC6EA9BF76C67A608B /* Frameworks */ = {
			isa = PBXGroup;
			children = (
				CD0034441F8A07DF00F73B55 /* Security.framework */,
				CD0034421F8A07D500F73B55 /* QuartzCore.framework */,
				5122A1A26842E04CA48C21A6 /* Pods_ResuMe.framework */,
				0226352ADCF4349C21FF89F1 /* Pods_ResuMeTests.framework */,
				55C6968A3BD9C11B3795138B /* Pods_ResuMeUITests.framework */,
			);
			name = Frameworks;
			sourceTree = "<group>";
		};
		CD8659221F88B1A200CAE33C = {
			isa = PBXGroup;
			children = (
				CD86592D1F88B1A200CAE33C /* ResuMe */,
				CD8659421F88B1A200CAE33C /* ResuMeTests */,
				CD86594D1F88B1A200CAE33C /* ResuMeUITests */,
				CD86592C1F88B1A200CAE33C /* Products */,
				8B45B51CEA6A55F96AC0ADFF /* Pods */,
				C5ACE8CC6EA9BF76C67A608B /* Frameworks */,
			);
			sourceTree = "<group>";
		};
		CD86592C1F88B1A200CAE33C /* Products */ = {
			isa = PBXGroup;
			children = (
				CD86592B1F88B1A200CAE33C /* ResuMe.app */,
				CD86593F1F88B1A200CAE33C /* ResuMeTests.xctest */,
				CD86594A1F88B1A200CAE33C /* ResuMeUITests.xctest */,
			);
			name = Products;
			sourceTree = "<group>";
		};
		CD86592D1F88B1A200CAE33C /* ResuMe */ = {
			isa = PBXGroup;
			children = (
				CD9AFDFA1F8A477900E4BFEA /* Student.swift */,
				CD9AFDFB1F8A477900E4BFEA /* StudentTableViewCell.swift */,
				CD9AFDF91F8A477900E4BFEA /* StudentTableViewController.swift */,
				CD9AFDF51F8A39F400E4BFEA /* FileViewerViewController.swift */,
				CD0034411F89E41700F73B55 /* ResuMe.entitlements */,
				CDB233861F896F4D00A041C3 /* GoogleService-Info.plist */,
				BC0900521F88E10D009155B5 /* CreateStudentViewController.swift */,
				CD86592E1F88B1A200CAE33C /* AppDelegate.swift */,
				CD8659301F88B1A200CAE33C /* ViewController.swift */,
				CD840DC41F893EFC00408825 /* RecruiterViewController.swift */,
				CD8659321F88B1A200CAE33C /* Main.storyboard */,
				CDAA30D01F8947E900A9AF3C /* StudentViewController.swift */,
				CD840DC21F8935B200408825 /* QRViewController.swift */,
				CD8659351F88B1A200CAE33C /* Assets.xcassets */,
				CD8659371F88B1A200CAE33C /* LaunchScreen.storyboard */,
				CD86593A1F88B1A200CAE33C /* Info.plist */,
				CDB233871F89723300A041C3 /* ResuMe-Bridging-Header.h */,
				CD9AFDF31F8A35BA00E4BFEA /* DBListingViewController.swift */,
			);
			path = ResuMe;
			sourceTree = "<group>";
		};
		CD8659421F88B1A200CAE33C /* ResuMeTests */ = {
			isa = PBXGroup;
			children = (
				CD8659431F88B1A200CAE33C /* ResuMeTests.swift */,
				CD8659451F88B1A200CAE33C /* Info.plist */,
			);
			path = ResuMeTests;
			sourceTree = "<group>";
		};
		CD86594D1F88B1A200CAE33C /* ResuMeUITests */ = {
			isa = PBXGroup;
			children = (
				CD86594E1F88B1A200CAE33C /* ResuMeUITests.swift */,
				CD8659501F88B1A200CAE33C /* Info.plist */,
			);
			path = ResuMeUITests;
			sourceTree = "<group>";
		};
/* End PBXGroup section */

/* Begin PBXNativeTarget section */
		CD86592A1F88B1A200CAE33C /* ResuMe */ = {
			isa = PBXNativeTarget;
			buildConfigurationList = CD8659531F88B1A200CAE33C /* Build configuration list for PBXNativeTarget "ResuMe" */;
			buildPhases = (
				6D0F7C15802C7F53B429EAA9 /* [CP] Check Pods Manifest.lock */,
				CD8659271F88B1A200CAE33C /* Sources */,
				CD8659281F88B1A200CAE33C /* Frameworks */,
				CD8659291F88B1A200CAE33C /* Resources */,
				59368DA42BC01E4A53A0BD01 /* [CP] Embed Pods Frameworks */,
				3C87813FE2E57276CA6A321F /* [CP] Copy Pods Resources */,
			);
			buildRules = (
			);
			dependencies = (
			);
			name = ResuMe;
			productName = ResuMe;
			productReference = CD86592B1F88B1A200CAE33C /* ResuMe.app */;
			productType = "com.apple.product-type.application";
		};
		CD86593E1F88B1A200CAE33C /* ResuMeTests */ = {
			isa = PBXNativeTarget;
			buildConfigurationList = CD8659561F88B1A200CAE33C /* Build configuration list for PBXNativeTarget "ResuMeTests" */;
			buildPhases = (
				3BC4B2319803603385115D29 /* [CP] Check Pods Manifest.lock */,
				CD86593B1F88B1A200CAE33C /* Sources */,
				CD86593C1F88B1A200CAE33C /* Frameworks */,
				CD86593D1F88B1A200CAE33C /* Resources */,
				054BD4C9BE0159209231E497 /* [CP] Embed Pods Frameworks */,
				14A4CF49EF2F167A2CE5F7B7 /* [CP] Copy Pods Resources */,
			);
			buildRules = (
			);
			dependencies = (
				CD8659411F88B1A200CAE33C /* PBXTargetDependency */,
			);
			name = ResuMeTests;
			productName = ResuMeTests;
			productReference = CD86593F1F88B1A200CAE33C /* ResuMeTests.xctest */;
			productType = "com.apple.product-type.bundle.unit-test";
		};
		CD8659491F88B1A200CAE33C /* ResuMeUITests */ = {
			isa = PBXNativeTarget;
			buildConfigurationList = CD8659591F88B1A200CAE33C /* Build configuration list for PBXNativeTarget "ResuMeUITests" */;
			buildPhases = (
				290839706BACC31350F15A76 /* [CP] Check Pods Manifest.lock */,
				CD8659461F88B1A200CAE33C /* Sources */,
				CD8659471F88B1A200CAE33C /* Frameworks */,
				CD8659481F88B1A200CAE33C /* Resources */,
				CDF6505E3370BBB0539D4F40 /* [CP] Embed Pods Frameworks */,
				DD527D0744CA54999118E031 /* [CP] Copy Pods Resources */,
			);
			buildRules = (
			);
			dependencies = (
				CD86594C1F88B1A200CAE33C /* PBXTargetDependency */,
			);
			name = ResuMeUITests;
			productName = ResuMeUITests;
			productReference = CD86594A1F88B1A200CAE33C /* ResuMeUITests.xctest */;
			productType = "com.apple.product-type.bundle.ui-testing";
		};
/* End PBXNativeTarget section */

/* Begin PBXProject section */
		CD8659231F88B1A200CAE33C /* Project object */ = {
			isa = PBXProject;
			attributes = {
				LastSwiftUpdateCheck = 0820;
				LastUpgradeCheck = 0820;
				ORGANIZATIONNAME = HAP;
				TargetAttributes = {
					CD86592A1F88B1A200CAE33C = {
						CreatedOnToolsVersion = 8.2.1;
						DevelopmentTeam = DV2995Y7AH;
						LastSwiftMigration = 0900;
						ProvisioningStyle = Automatic;
						SystemCapabilities = {
							com.apple.Keychain = {
								enabled = 1;
							};
						};
					};
					CD86593E1F88B1A200CAE33C = {
						CreatedOnToolsVersion = 8.2.1;
						ProvisioningStyle = Automatic;
						TestTargetID = CD86592A1F88B1A200CAE33C;
					};
					CD8659491F88B1A200CAE33C = {
						CreatedOnToolsVersion = 8.2.1;
						ProvisioningStyle = Automatic;
						TestTargetID = CD86592A1F88B1A200CAE33C;
					};
				};
			};
			buildConfigurationList = CD8659261F88B1A200CAE33C /* Build configuration list for PBXProject "ResuMe" */;
			compatibilityVersion = "Xcode 3.2";
			developmentRegion = English;
			hasScannedForEncodings = 0;
			knownRegions = (
				en,
				Base,
			);
			mainGroup = CD8659221F88B1A200CAE33C;
			productRefGroup = CD86592C1F88B1A200CAE33C /* Products */;
			projectDirPath = "";
			projectRoot = "";
			targets = (
				CD86592A1F88B1A200CAE33C /* ResuMe */,
				CD86593E1F88B1A200CAE33C /* ResuMeTests */,
				CD8659491F88B1A200CAE33C /* ResuMeUITests */,
			);
		};
/* End PBXProject section */

/* Begin PBXResourcesBuildPhase section */
		CD8659291F88B1A200CAE33C /* Resources */ = {
			isa = PBXResourcesBuildPhase;
			buildActionMask = 2147483647;
			files = (
				CD8659391F88B1A200CAE33C /* LaunchScreen.storyboard in Resources */,
				CDD63B4C1F89896C0014F850 /* GoogleService-Info.plist in Resources */,
				CD8659361F88B1A200CAE33C /* Assets.xcassets in Resources */,
				CD8659341F88B1A200CAE33C /* Main.storyboard in Resources */,
			);
			runOnlyForDeploymentPostprocessing = 0;
		};
		CD86593D1F88B1A200CAE33C /* Resources */ = {
			isa = PBXResourcesBuildPhase;
			buildActionMask = 2147483647;
			files = (
			);
			runOnlyForDeploymentPostprocessing = 0;
		};
		CD8659481F88B1A200CAE33C /* Resources */ = {
			isa = PBXResourcesBuildPhase;
			buildActionMask = 2147483647;
			files = (
			);
			runOnlyForDeploymentPostprocessing = 0;
		};
/* End PBXResourcesBuildPhase section */

/* Begin PBXShellScriptBuildPhase section */
		054BD4C9BE0159209231E497 /* [CP] Embed Pods Frameworks */ = {
			isa = PBXShellScriptBuildPhase;
			buildActionMask = 2147483647;
			files = (
			);
			inputPaths = (
			);
			name = "[CP] Embed Pods Frameworks";
			outputPaths = (
			);
			runOnlyForDeploymentPostprocessing = 0;
			shellPath = /bin/sh;
			shellScript = "\"${SRCROOT}/Pods/Target Support Files/Pods-ResuMeTests/Pods-ResuMeTests-frameworks.sh\"\n";
			showEnvVarsInLog = 0;
		};
		14A4CF49EF2F167A2CE5F7B7 /* [CP] Copy Pods Resources */ = {
			isa = PBXShellScriptBuildPhase;
			buildActionMask = 2147483647;
			files = (
			);
			inputPaths = (
			);
			name = "[CP] Copy Pods Resources";
			outputPaths = (
			);
			runOnlyForDeploymentPostprocessing = 0;
			shellPath = /bin/sh;
			shellScript = "\"${SRCROOT}/Pods/Target Support Files/Pods-ResuMeTests/Pods-ResuMeTests-resources.sh\"\n";
			showEnvVarsInLog = 0;
		};
		290839706BACC31350F15A76 /* [CP] Check Pods Manifest.lock */ = {
			isa = PBXShellScriptBuildPhase;
			buildActionMask = 2147483647;
			files = (
			);
			inputPaths = (
				"${PODS_PODFILE_DIR_PATH}/Podfile.lock",
				"${PODS_ROOT}/Manifest.lock",
			);
			name = "[CP] Check Pods Manifest.lock";
			outputPaths = (
				"$(DERIVED_FILE_DIR)/Pods-ResuMeUITests-checkManifestLockResult.txt",
			);
			runOnlyForDeploymentPostprocessing = 0;
			shellPath = /bin/sh;
			shellScript = "diff \"${PODS_PODFILE_DIR_PATH}/Podfile.lock\" \"${PODS_ROOT}/Manifest.lock\" > /dev/null\nif [ $? != 0 ] ; then\n    # print error to STDERR\n    echo \"error: The sandbox is not in sync with the Podfile.lock. Run 'pod install' or update your CocoaPods installation.\" >&2\n    exit 1\nfi\n# This output is used by Xcode 'outputs' to avoid re-running this script phase.\necho \"SUCCESS\" > \"${SCRIPT_OUTPUT_FILE_0}\"\n";
			showEnvVarsInLog = 0;
		};
		3BC4B2319803603385115D29 /* [CP] Check Pods Manifest.lock */ = {
			isa = PBXShellScriptBuildPhase;
			buildActionMask = 2147483647;
			files = (
			);
			inputPaths = (
				"${PODS_PODFILE_DIR_PATH}/Podfile.lock",
				"${PODS_ROOT}/Manifest.lock",
			);
			name = "[CP] Check Pods Manifest.lock";
			outputPaths = (
				"$(DERIVED_FILE_DIR)/Pods-ResuMeTests-checkManifestLockResult.txt",
			);
			runOnlyForDeploymentPostprocessing = 0;
			shellPath = /bin/sh;
			shellScript = "diff \"${PODS_PODFILE_DIR_PATH}/Podfile.lock\" \"${PODS_ROOT}/Manifest.lock\" > /dev/null\nif [ $? != 0 ] ; then\n    # print error to STDERR\n    echo \"error: The sandbox is not in sync with the Podfile.lock. Run 'pod install' or update your CocoaPods installation.\" >&2\n    exit 1\nfi\n# This output is used by Xcode 'outputs' to avoid re-running this script phase.\necho \"SUCCESS\" > \"${SCRIPT_OUTPUT_FILE_0}\"\n";
			showEnvVarsInLog = 0;
		};
		3C87813FE2E57276CA6A321F /* [CP] Copy Pods Resources */ = {
			isa = PBXShellScriptBuildPhase;
			buildActionMask = 2147483647;
			files = (
			);
			inputPaths = (
				"${SRCROOT}/Pods/Target Support Files/Pods-ResuMe/Pods-ResuMe-resources.sh",
				"${PODS_ROOT}/GoogleSignIn/Resources/GoogleSignIn.bundle",
			);
			name = "[CP] Copy Pods Resources";
			outputPaths = (
				"${TARGET_BUILD_DIR}/${UNLOCALIZED_RESOURCES_FOLDER_PATH}",
			);
			runOnlyForDeploymentPostprocessing = 0;
			shellPath = /bin/sh;
			shellScript = "\"${SRCROOT}/Pods/Target Support Files/Pods-ResuMe/Pods-ResuMe-resources.sh\"\n";
			showEnvVarsInLog = 0;
		};
		59368DA42BC01E4A53A0BD01 /* [CP] Embed Pods Frameworks */ = {
			isa = PBXShellScriptBuildPhase;
			buildActionMask = 2147483647;
			files = (
			);
			inputPaths = (
				"${SRCROOT}/Pods/Target Support Files/Pods-ResuMe/Pods-ResuMe-frameworks.sh",
				"${BUILT_PRODUCTS_DIR}/Alamofire/Alamofire.framework",
				"${BUILT_PRODUCTS_DIR}/FontAwesomeKit/FontAwesomeKit.framework",
				"${BUILT_PRODUCTS_DIR}/GTMOAuth2/GTMOAuth2.framework",
				"${BUILT_PRODUCTS_DIR}/GTMSessionFetcher/GTMSessionFetcher.framework",
				"${BUILT_PRODUCTS_DIR}/GoogleAPIClientForREST/GoogleAPIClientForREST.framework",
				"${BUILT_PRODUCTS_DIR}/GoogleToolboxForMac/GoogleToolboxForMac.framework",
				"${BUILT_PRODUCTS_DIR}/SwiftyDropDataListing/SwiftyDropDataListing.framework",
				"${BUILT_PRODUCTS_DIR}/SwiftyDropbox/SwiftyDropbox.framework",
			);
			name = "[CP] Embed Pods Frameworks";
			outputPaths = (
				"${TARGET_BUILD_DIR}/${FRAMEWORKS_FOLDER_PATH}/Alamofire.framework",
				"${TARGET_BUILD_DIR}/${FRAMEWORKS_FOLDER_PATH}/FontAwesomeKit.framework",
				"${TARGET_BUILD_DIR}/${FRAMEWORKS_FOLDER_PATH}/GTMOAuth2.framework",
				"${TARGET_BUILD_DIR}/${FRAMEWORKS_FOLDER_PATH}/GTMSessionFetcher.framework",
				"${TARGET_BUILD_DIR}/${FRAMEWORKS_FOLDER_PATH}/GoogleAPIClientForREST.framework",
				"${TARGET_BUILD_DIR}/${FRAMEWORKS_FOLDER_PATH}/GoogleToolboxForMac.framework",
				"${TARGET_BUILD_DIR}/${FRAMEWORKS_FOLDER_PATH}/SwiftyDropDataListing.framework",
				"${TARGET_BUILD_DIR}/${FRAMEWORKS_FOLDER_PATH}/SwiftyDropbox.framework",
			);
			runOnlyForDeploymentPostprocessing = 0;
			shellPath = /bin/sh;
			shellScript = "\"${SRCROOT}/Pods/Target Support Files/Pods-ResuMe/Pods-ResuMe-frameworks.sh\"\n";
			showEnvVarsInLog = 0;
		};
		6D0F7C15802C7F53B429EAA9 /* [CP] Check Pods Manifest.lock */ = {
			isa = PBXShellScriptBuildPhase;
			buildActionMask = 2147483647;
			files = (
			);
			inputPaths = (
				"${PODS_PODFILE_DIR_PATH}/Podfile.lock",
				"${PODS_ROOT}/Manifest.lock",
			);
			name = "[CP] Check Pods Manifest.lock";
			outputPaths = (
				"$(DERIVED_FILE_DIR)/Pods-ResuMe-checkManifestLockResult.txt",
			);
			runOnlyForDeploymentPostprocessing = 0;
			shellPath = /bin/sh;
			shellScript = "diff \"${PODS_PODFILE_DIR_PATH}/Podfile.lock\" \"${PODS_ROOT}/Manifest.lock\" > /dev/null\nif [ $? != 0 ] ; then\n    # print error to STDERR\n    echo \"error: The sandbox is not in sync with the Podfile.lock. Run 'pod install' or update your CocoaPods installation.\" >&2\n    exit 1\nfi\n# This output is used by Xcode 'outputs' to avoid re-running this script phase.\necho \"SUCCESS\" > \"${SCRIPT_OUTPUT_FILE_0}\"\n";
			showEnvVarsInLog = 0;
		};
		CDF6505E3370BBB0539D4F40 /* [CP] Embed Pods Frameworks */ = {
			isa = PBXShellScriptBuildPhase;
			buildActionMask = 2147483647;
			files = (
			);
			inputPaths = (
			);
			name = "[CP] Embed Pods Frameworks";
			outputPaths = (
			);
			runOnlyForDeploymentPostprocessing = 0;
			shellPath = /bin/sh;
			shellScript = "\"${SRCROOT}/Pods/Target Support Files/Pods-ResuMeUITests/Pods-ResuMeUITests-frameworks.sh\"\n";
			showEnvVarsInLog = 0;
		};
		DD527D0744CA54999118E031 /* [CP] Copy Pods Resources */ = {
			isa = PBXShellScriptBuildPhase;
			buildActionMask = 2147483647;
			files = (
			);
			inputPaths = (
			);
			name = "[CP] Copy Pods Resources";
			outputPaths = (
			);
			runOnlyForDeploymentPostprocessing = 0;
			shellPath = /bin/sh;
			shellScript = "\"${SRCROOT}/Pods/Target Support Files/Pods-ResuMeUITests/Pods-ResuMeUITests-resources.sh\"\n";
			showEnvVarsInLog = 0;
		};
/* End PBXShellScriptBuildPhase section */

/* Begin PBXSourcesBuildPhase section */
		CD8659271F88B1A200CAE33C /* Sources */ = {
			isa = PBXSourcesBuildPhase;
			buildActionMask = 2147483647;
			files = (
				CDAA30D11F8947E900A9AF3C /* StudentViewController.swift in Sources */,
				CD8659311F88B1A200CAE33C /* ViewController.swift in Sources */,
				CD9AFDF61F8A39F400E4BFEA /* FileViewerViewController.swift in Sources */,
				CD9AFDFD1F8A477900E4BFEA /* Student.swift in Sources */,
				BC0900531F88E10D009155B5 /* CreateStudentViewController.swift in Sources */,
				CD9AFDF41F8A35BA00E4BFEA /* DBListingViewController.swift in Sources */,
				CD840DC51F893EFC00408825 /* RecruiterViewController.swift in Sources */,
				CD840DC31F8935B200408825 /* QRViewController.swift in Sources */,
				CD86592F1F88B1A200CAE33C /* AppDelegate.swift in Sources */,
				CD9AFDFE1F8A477900E4BFEA /* StudentTableViewCell.swift in Sources */,
				CD9AFDFC1F8A477900E4BFEA /* StudentTableViewController.swift in Sources */,
			);
			runOnlyForDeploymentPostprocessing = 0;
		};
		CD86593B1F88B1A200CAE33C /* Sources */ = {
			isa = PBXSourcesBuildPhase;
			buildActionMask = 2147483647;
			files = (
				CD8659441F88B1A200CAE33C /* ResuMeTests.swift in Sources */,
			);
			runOnlyForDeploymentPostprocessing = 0;
		};
		CD8659461F88B1A200CAE33C /* Sources */ = {
			isa = PBXSourcesBuildPhase;
			buildActionMask = 2147483647;
			files = (
				CD86594F1F88B1A200CAE33C /* ResuMeUITests.swift in Sources */,
			);
			runOnlyForDeploymentPostprocessing = 0;
		};
/* End PBXSourcesBuildPhase section */

/* Begin PBXTargetDependency section */
		CD8659411F88B1A200CAE33C /* PBXTargetDependency */ = {
			isa = PBXTargetDependency;
			target = CD86592A1F88B1A200CAE33C /* ResuMe */;
			targetProxy = CD8659401F88B1A200CAE33C /* PBXContainerItemProxy */;
		};
		CD86594C1F88B1A200CAE33C /* PBXTargetDependency */ = {
			isa = PBXTargetDependency;
			target = CD86592A1F88B1A200CAE33C /* ResuMe */;
			targetProxy = CD86594B1F88B1A200CAE33C /* PBXContainerItemProxy */;
		};
/* End PBXTargetDependency section */

/* Begin PBXVariantGroup section */
		CD8659321F88B1A200CAE33C /* Main.storyboard */ = {
			isa = PBXVariantGroup;
			children = (
				CD8659331F88B1A200CAE33C /* Base */,
			);
			name = Main.storyboard;
			sourceTree = "<group>";
		};
		CD8659371F88B1A200CAE33C /* LaunchScreen.storyboard */ = {
			isa = PBXVariantGroup;
			children = (
				CD8659381F88B1A200CAE33C /* Base */,
			);
			name = LaunchScreen.storyboard;
			sourceTree = "<group>";
		};
/* End PBXVariantGroup section */

/* Begin XCBuildConfiguration section */
		CD8659511F88B1A200CAE33C /* Debug */ = {
			isa = XCBuildConfiguration;
			buildSettings = {
				ALWAYS_SEARCH_USER_PATHS = NO;
				CLANG_ANALYZER_NONNULL = YES;
				CLANG_CXX_LANGUAGE_STANDARD = "gnu++0x";
				CLANG_CXX_LIBRARY = "libc++";
				CLANG_ENABLE_MODULES = YES;
				CLANG_ENABLE_OBJC_ARC = YES;
				CLANG_WARN_BOOL_CONVERSION = YES;
				CLANG_WARN_CONSTANT_CONVERSION = YES;
				CLANG_WARN_DIRECT_OBJC_ISA_USAGE = YES_ERROR;
				CLANG_WARN_DOCUMENTATION_COMMENTS = YES;
				CLANG_WARN_EMPTY_BODY = YES;
				CLANG_WARN_ENUM_CONVERSION = YES;
				CLANG_WARN_INFINITE_RECURSION = YES;
				CLANG_WARN_INT_CONVERSION = YES;
				CLANG_WARN_OBJC_ROOT_CLASS = YES_ERROR;
				CLANG_WARN_SUSPICIOUS_MOVE = YES;
				CLANG_WARN_UNREACHABLE_CODE = YES;
				CLANG_WARN__DUPLICATE_METHOD_MATCH = YES;
				"CODE_SIGN_IDENTITY[sdk=iphoneos*]" = "iPhone Developer";
				COPY_PHASE_STRIP = NO;
				DEBUG_INFORMATION_FORMAT = dwarf;
				ENABLE_STRICT_OBJC_MSGSEND = YES;
				ENABLE_TESTABILITY = YES;
				GCC_C_LANGUAGE_STANDARD = gnu99;
				GCC_DYNAMIC_NO_PIC = NO;
				GCC_NO_COMMON_BLOCKS = YES;
				GCC_OPTIMIZATION_LEVEL = 0;
				GCC_PREPROCESSOR_DEFINITIONS = (
					"DEBUG=1",
					"$(inherited)",
				);
				GCC_WARN_64_TO_32_BIT_CONVERSION = YES;
				GCC_WARN_ABOUT_RETURN_TYPE = YES_ERROR;
				GCC_WARN_UNDECLARED_SELECTOR = YES;
				GCC_WARN_UNINITIALIZED_AUTOS = YES_AGGRESSIVE;
				GCC_WARN_UNUSED_FUNCTION = YES;
				GCC_WARN_UNUSED_VARIABLE = YES;
				IPHONEOS_DEPLOYMENT_TARGET = 10.2;
				MTL_ENABLE_DEBUG_INFO = YES;
				ONLY_ACTIVE_ARCH = YES;
				SDKROOT = iphoneos;
				SWIFT_ACTIVE_COMPILATION_CONDITIONS = DEBUG;
				SWIFT_OPTIMIZATION_LEVEL = "-Onone";
			};
			name = Debug;
		};
		CD8659521F88B1A200CAE33C /* Release */ = {
			isa = XCBuildConfiguration;
			buildSettings = {
				ALWAYS_SEARCH_USER_PATHS = NO;
				CLANG_ANALYZER_NONNULL = YES;
				CLANG_CXX_LANGUAGE_STANDARD = "gnu++0x";
				CLANG_CXX_LIBRARY = "libc++";
				CLANG_ENABLE_MODULES = YES;
				CLANG_ENABLE_OBJC_ARC = YES;
				CLANG_WARN_BOOL_CONVERSION = YES;
				CLANG_WARN_CONSTANT_CONVERSION = YES;
				CLANG_WARN_DIRECT_OBJC_ISA_USAGE = YES_ERROR;
				CLANG_WARN_DOCUMENTATION_COMMENTS = YES;
				CLANG_WARN_EMPTY_BODY = YES;
				CLANG_WARN_ENUM_CONVERSION = YES;
				CLANG_WARN_INFINITE_RECURSION = YES;
				CLANG_WARN_INT_CONVERSION = YES;
				CLANG_WARN_OBJC_ROOT_CLASS = YES_ERROR;
				CLANG_WARN_SUSPICIOUS_MOVE = YES;
				CLANG_WARN_UNREACHABLE_CODE = YES;
				CLANG_WARN__DUPLICATE_METHOD_MATCH = YES;
				"CODE_SIGN_IDENTITY[sdk=iphoneos*]" = "iPhone Developer";
				COPY_PHASE_STRIP = NO;
				DEBUG_INFORMATION_FORMAT = "dwarf-with-dsym";
				ENABLE_NS_ASSERTIONS = NO;
				ENABLE_STRICT_OBJC_MSGSEND = YES;
				GCC_C_LANGUAGE_STANDARD = gnu99;
				GCC_NO_COMMON_BLOCKS = YES;
				GCC_WARN_64_TO_32_BIT_CONVERSION = YES;
				GCC_WARN_ABOUT_RETURN_TYPE = YES_ERROR;
				GCC_WARN_UNDECLARED_SELECTOR = YES;
				GCC_WARN_UNINITIALIZED_AUTOS = YES_AGGRESSIVE;
				GCC_WARN_UNUSED_FUNCTION = YES;
				GCC_WARN_UNUSED_VARIABLE = YES;
				IPHONEOS_DEPLOYMENT_TARGET = 10.2;
				MTL_ENABLE_DEBUG_INFO = NO;
				SDKROOT = iphoneos;
				SWIFT_OPTIMIZATION_LEVEL = "-Owholemodule";
				VALIDATE_PRODUCT = YES;
			};
			name = Release;
		};
		CD8659541F88B1A200CAE33C /* Debug */ = {
			isa = XCBuildConfiguration;
			baseConfigurationReference = BEAFE2C87B918E091C7C53EE /* Pods-ResuMe.debug.xcconfig */;
			buildSettings = {
				ASSETCATALOG_COMPILER_APPICON_NAME = AppIcon;
				CLANG_ENABLE_MODULES = YES;
				CODE_SIGN_ENTITLEMENTS = ResuMe/ResuMe.entitlements;
				"CODE_SIGN_IDENTITY[sdk=iphoneos*]" = "iPhone Developer";
				CODE_SIGN_STYLE = Automatic;
				DEVELOPMENT_TEAM = DV2995Y7AH;
				INFOPLIST_FILE = ResuMe/Info.plist;
				LD_RUNPATH_SEARCH_PATHS = "$(inherited) @executable_path/Frameworks";
				PRODUCT_BUNDLE_IDENTIFIER = HAP.ResuMe;
				PRODUCT_NAME = "$(TARGET_NAME)";
				PROVISIONING_PROFILE_SPECIFIER = "";
				SWIFT_OBJC_BRIDGING_HEADER = "ResuMe/ResuMe-Bridging-Header.h";
				SWIFT_OPTIMIZATION_LEVEL = "-Onone";
				SWIFT_VERSION = 3.0;
			};
			name = Debug;
		};
		CD8659551F88B1A200CAE33C /* Release */ = {
			isa = XCBuildConfiguration;
			baseConfigurationReference = BC3DFED7F0B6503BBC87840E /* Pods-ResuMe.release.xcconfig */;
			buildSettings = {
				ASSETCATALOG_COMPILER_APPICON_NAME = AppIcon;
				CLANG_ENABLE_MODULES = YES;
				CODE_SIGN_ENTITLEMENTS = ResuMe/ResuMe.entitlements;
				"CODE_SIGN_IDENTITY[sdk=iphoneos*]" = "iPhone Developer";
				CODE_SIGN_STYLE = Automatic;
				DEVELOPMENT_TEAM = DV2995Y7AH;
				INFOPLIST_FILE = ResuMe/Info.plist;
				LD_RUNPATH_SEARCH_PATHS = "$(inherited) @executable_path/Frameworks";
				PRODUCT_BUNDLE_IDENTIFIER = HAP.ResuMe;
				PRODUCT_NAME = "$(TARGET_NAME)";
				PROVISIONING_PROFILE_SPECIFIER = "";
				SWIFT_OBJC_BRIDGING_HEADER = "ResuMe/ResuMe-Bridging-Header.h";
				SWIFT_VERSION = 3.0;
			};
			name = Release;
		};
		CD8659571F88B1A200CAE33C /* Debug */ = {
			isa = XCBuildConfiguration;
			baseConfigurationReference = DC7D08085E6E3AA1DDE35501 /* Pods-ResuMeTests.debug.xcconfig */;
			buildSettings = {
				ALWAYS_EMBED_SWIFT_STANDARD_LIBRARIES = YES;
				BUNDLE_LOADER = "$(TEST_HOST)";
				INFOPLIST_FILE = ResuMeTests/Info.plist;
				LD_RUNPATH_SEARCH_PATHS = "$(inherited) @executable_path/Frameworks @loader_path/Frameworks";
				PRODUCT_BUNDLE_IDENTIFIER = HAP.ResuMeTests;
				PRODUCT_NAME = "$(TARGET_NAME)";
				SWIFT_VERSION = 3.0;
				TEST_HOST = "$(BUILT_PRODUCTS_DIR)/ResuMe.app/ResuMe";
			};
			name = Debug;
		};
		CD8659581F88B1A200CAE33C /* Release */ = {
			isa = XCBuildConfiguration;
			baseConfigurationReference = 20D44944568223A655CE236D /* Pods-ResuMeTests.release.xcconfig */;
			buildSettings = {
				ALWAYS_EMBED_SWIFT_STANDARD_LIBRARIES = YES;
				BUNDLE_LOADER = "$(TEST_HOST)";
				INFOPLIST_FILE = ResuMeTests/Info.plist;
				LD_RUNPATH_SEARCH_PATHS = "$(inherited) @executable_path/Frameworks @loader_path/Frameworks";
				PRODUCT_BUNDLE_IDENTIFIER = HAP.ResuMeTests;
				PRODUCT_NAME = "$(TARGET_NAME)";
				SWIFT_VERSION = 3.0;
				TEST_HOST = "$(BUILT_PRODUCTS_DIR)/ResuMe.app/ResuMe";
			};
			name = Release;
		};
		CD86595A1F88B1A200CAE33C /* Debug */ = {
			isa = XCBuildConfiguration;
			baseConfigurationReference = 69ACE52B7827968495E016E8 /* Pods-ResuMeUITests.debug.xcconfig */;
			buildSettings = {
				ALWAYS_EMBED_SWIFT_STANDARD_LIBRARIES = YES;
				INFOPLIST_FILE = ResuMeUITests/Info.plist;
				LD_RUNPATH_SEARCH_PATHS = "$(inherited) @executable_path/Frameworks @loader_path/Frameworks";
				PRODUCT_BUNDLE_IDENTIFIER = HAP.ResuMeUITests;
				PRODUCT_NAME = "$(TARGET_NAME)";
				SWIFT_VERSION = 3.0;
				TEST_TARGET_NAME = ResuMe;
			};
			name = Debug;
		};
		CD86595B1F88B1A200CAE33C /* Release */ = {
			isa = XCBuildConfiguration;
			baseConfigurationReference = 7FBB2DAF7DAE6379A65A3751 /* Pods-ResuMeUITests.release.xcconfig */;
			buildSettings = {
				ALWAYS_EMBED_SWIFT_STANDARD_LIBRARIES = YES;
				INFOPLIST_FILE = ResuMeUITests/Info.plist;
				LD_RUNPATH_SEARCH_PATHS = "$(inherited) @executable_path/Frameworks @loader_path/Frameworks";
				PRODUCT_BUNDLE_IDENTIFIER = HAP.ResuMeUITests;
				PRODUCT_NAME = "$(TARGET_NAME)";
				SWIFT_VERSION = 3.0;
				TEST_TARGET_NAME = ResuMe;
			};
			name = Release;
		};
/* End XCBuildConfiguration section */

/* Begin XCConfigurationList section */
		CD8659261F88B1A200CAE33C /* Build configuration list for PBXProject "ResuMe" */ = {
			isa = XCConfigurationList;
			buildConfigurations = (
				CD8659511F88B1A200CAE33C /* Debug */,
				CD8659521F88B1A200CAE33C /* Release */,
			);
			defaultConfigurationIsVisible = 0;
			defaultConfigurationName = Release;
		};
		CD8659531F88B1A200CAE33C /* Build configuration list for PBXNativeTarget "ResuMe" */ = {
			isa = XCConfigurationList;
			buildConfigurations = (
				CD8659541F88B1A200CAE33C /* Debug */,
				CD8659551F88B1A200CAE33C /* Release */,
			);
			defaultConfigurationIsVisible = 0;
			defaultConfigurationName = Release;
		};
		CD8659561F88B1A200CAE33C /* Build configuration list for PBXNativeTarget "ResuMeTests" */ = {
			isa = XCConfigurationList;
			buildConfigurations = (
				CD8659571F88B1A200CAE33C /* Debug */,
				CD8659581F88B1A200CAE33C /* Release */,
			);
			defaultConfigurationIsVisible = 0;
			defaultConfigurationName = Release;
		};
		CD8659591F88B1A200CAE33C /* Build configuration list for PBXNativeTarget "ResuMeUITests" */ = {
			isa = XCConfigurationList;
			buildConfigurations = (
				CD86595A1F88B1A200CAE33C /* Debug */,
				CD86595B1F88B1A200CAE33C /* Release */,
			);
			defaultConfigurationIsVisible = 0;
			defaultConfigurationName = Release;
		};
/* End XCConfigurationList section */
	};
	rootObject = CD8659231F88B1A200CAE33C /* Project object */;
}
